// !$*UTF8*$!
{
	archiveVersion = 1;
	classes = {
	};
	objectVersion = 55;
	objects = {

/* Begin PBXBuildFile section */
		1C85E05429F8A8D200439DE2 /* AppDelegate.swift in Sources */ = {isa = PBXBuildFile; fileRef = 1C85E05329F8A8D200439DE2 /* AppDelegate.swift */; };
		1C85E05629F8A8D200439DE2 /* SceneDelegate.swift in Sources */ = {isa = PBXBuildFile; fileRef = 1C85E05529F8A8D200439DE2 /* SceneDelegate.swift */; };
		1C85E05829F8A8D200439DE2 /* ViewController.swift in Sources */ = {isa = PBXBuildFile; fileRef = 1C85E05729F8A8D200439DE2 /* ViewController.swift */; };
		1C85E05B29F8A8D200439DE2 /* Main.storyboard in Resources */ = {isa = PBXBuildFile; fileRef = 1C85E05929F8A8D200439DE2 /* Main.storyboard */; };
		1C85E05D29F8A8DD00439DE2 /* Assets.xcassets in Resources */ = {isa = PBXBuildFile; fileRef = 1C85E05C29F8A8DD00439DE2 /* Assets.xcassets */; };
		1C85E06029F8A8DD00439DE2 /* LaunchScreen.storyboard in Resources */ = {isa = PBXBuildFile; fileRef = 1C85E05E29F8A8DD00439DE2 /* LaunchScreen.storyboard */; };
		1C85E06B29F8A8DE00439DE2 /* tabbarChallengeTests.swift in Sources */ = {isa = PBXBuildFile; fileRef = 1C85E06A29F8A8DE00439DE2 /* tabbarChallengeTests.swift */; };
		1C85E07529F8A8DE00439DE2 /* tabbarChallengeUITests.swift in Sources */ = {isa = PBXBuildFile; fileRef = 1C85E07429F8A8DE00439DE2 /* tabbarChallengeUITests.swift */; };
		1C85E07729F8A8DE00439DE2 /* tabbarChallengeUITestsLaunchTests.swift in Sources */ = {isa = PBXBuildFile; fileRef = 1C85E07629F8A8DE00439DE2 /* tabbarChallengeUITestsLaunchTests.swift */; };
		1C85E08429F8B89700439DE2 /* Model.swift in Sources */ = {isa = PBXBuildFile; fileRef = 1C85E08329F8B89700439DE2 /* Model.swift */; };
		1C85E08729F8B93D00439DE2 /* UserTableViewCell.xib in Resources */ = {isa = PBXBuildFile; fileRef = 1C85E08629F8B93D00439DE2 /* UserTableViewCell.xib */; };
		1C85E08929F8B9CE00439DE2 /* UserTableViewCell.swift in Sources */ = {isa = PBXBuildFile; fileRef = 1C85E08829F8B9CE00439DE2 /* UserTableViewCell.swift */; };
/* End PBXBuildFile section */

/* Begin PBXContainerItemProxy section */
		1C85E06729F8A8DE00439DE2 /* PBXContainerItemProxy */ = {
			isa = PBXContainerItemProxy;
			containerPortal = 1C85E04829F8A8D200439DE2 /* Project object */;
			proxyType = 1;
			remoteGlobalIDString = 1C85E04F29F8A8D200439DE2;
			remoteInfo = tabbarChallenge;
		};
		1C85E07129F8A8DE00439DE2 /* PBXContainerItemProxy */ = {
			isa = PBXContainerItemProxy;
			containerPortal = 1C85E04829F8A8D200439DE2 /* Project object */;
			proxyType = 1;
			remoteGlobalIDString = 1C85E04F29F8A8D200439DE2;
			remoteInfo = tabbarChallenge;
		};
/* End PBXContainerItemProxy section */

/* Begin PBXFileReference section */
		1C85E05029F8A8D200439DE2 /* tabbarChallenge.app */ = {isa = PBXFileReference; explicitFileType = wrapper.application; includeInIndex = 0; path = tabbarChallenge.app; sourceTree = BUILT_PRODUCTS_DIR; };
		1C85E05329F8A8D200439DE2 /* AppDelegate.swift */ = {isa = PBXFileReference; lastKnownFileType = sourcecode.swift; path = AppDelegate.swift; sourceTree = "<group>"; };
		1C85E05529F8A8D200439DE2 /* SceneDelegate.swift */ = {isa = PBXFileReference; lastKnownFileType = sourcecode.swift; path = SceneDelegate.swift; sourceTree = "<group>"; };
		1C85E05729F8A8D200439DE2 /* ViewController.swift */ = {isa = PBXFileReference; lastKnownFileType = sourcecode.swift; path = ViewController.swift; sourceTree = "<group>"; };
		1C85E05A29F8A8D200439DE2 /* Base */ = {isa = PBXFileReference; lastKnownFileType = file.storyboard; name = Base; path = Base.lproj/Main.storyboard; sourceTree = "<group>"; };
		1C85E05C29F8A8DD00439DE2 /* Assets.xcassets */ = {isa = PBXFileReference; lastKnownFileType = folder.assetcatalog; path = Assets.xcassets; sourceTree = "<group>"; };
		1C85E05F29F8A8DD00439DE2 /* Base */ = {isa = PBXFileReference; lastKnownFileType = file.storyboard; name = Base; path = Base.lproj/LaunchScreen.storyboard; sourceTree = "<group>"; };
		1C85E06129F8A8DD00439DE2 /* Info.plist */ = {isa = PBXFileReference; lastKnownFileType = text.plist.xml; path = Info.plist; sourceTree = "<group>"; };
		1C85E06629F8A8DE00439DE2 /* tabbarChallengeTests.xctest */ = {isa = PBXFileReference; explicitFileType = wrapper.cfbundle; includeInIndex = 0; path = tabbarChallengeTests.xctest; sourceTree = BUILT_PRODUCTS_DIR; };
		1C85E06A29F8A8DE00439DE2 /* tabbarChallengeTests.swift */ = {isa = PBXFileReference; lastKnownFileType = sourcecode.swift; path = tabbarChallengeTests.swift; sourceTree = "<group>"; };
		1C85E07029F8A8DE00439DE2 /* tabbarChallengeUITests.xctest */ = {isa = PBXFileReference; explicitFileType = wrapper.cfbundle; includeInIndex = 0; path = tabbarChallengeUITests.xctest; sourceTree = BUILT_PRODUCTS_DIR; };
		1C85E07429F8A8DE00439DE2 /* tabbarChallengeUITests.swift */ = {isa = PBXFileReference; lastKnownFileType = sourcecode.swift; path = tabbarChallengeUITests.swift; sourceTree = "<group>"; };
		1C85E07629F8A8DE00439DE2 /* tabbarChallengeUITestsLaunchTests.swift */ = {isa = PBXFileReference; lastKnownFileType = sourcecode.swift; path = tabbarChallengeUITestsLaunchTests.swift; sourceTree = "<group>"; };
		1C85E08329F8B89700439DE2 /* Model.swift */ = {isa = PBXFileReference; lastKnownFileType = sourcecode.swift; path = Model.swift; sourceTree = "<group>"; };
		1C85E08629F8B93D00439DE2 /* UserTableViewCell.xib */ = {isa = PBXFileReference; lastKnownFileType = file.xib; path = UserTableViewCell.xib; sourceTree = "<group>"; };
		1C85E08829F8B9CE00439DE2 /* UserTableViewCell.swift */ = {isa = PBXFileReference; lastKnownFileType = sourcecode.swift; path = UserTableViewCell.swift; sourceTree = "<group>"; };
/* End PBXFileReference section */

/* Begin PBXFrameworksBuildPhase section */
		1C85E04D29F8A8D200439DE2 /* Frameworks */ = {
			isa = PBXFrameworksBuildPhase;
			buildActionMask = 2147483647;
			files = (
			);
			runOnlyForDeploymentPostprocessing = 0;
		};
		1C85E06329F8A8DE00439DE2 /* Frameworks */ = {
			isa = PBXFrameworksBuildPhase;
			buildActionMask = 2147483647;
			files = (
			);
			runOnlyForDeploymentPostprocessing = 0;
		};
		1C85E06D29F8A8DE00439DE2 /* Frameworks */ = {
			isa = PBXFrameworksBuildPhase;
			buildActionMask = 2147483647;
			files = (
			);
			runOnlyForDeploymentPostprocessing = 0;
		};
/* End PBXFrameworksBuildPhase section */

/* Begin PBXGroup section */
		1C85E04729F8A8D200439DE2 = {
			isa = PBXGroup;
			children = (
				1C85E05229F8A8D200439DE2 /* tabbarChallenge */,
				1C85E06929F8A8DE00439DE2 /* tabbarChallengeTests */,
				1C85E07329F8A8DE00439DE2 /* tabbarChallengeUITests */,
				1C85E05129F8A8D200439DE2 /* Products */,
			);
			sourceTree = "<group>";
		};
		1C85E05129F8A8D200439DE2 /* Products */ = {
			isa = PBXGroup;
			children = (
				1C85E05029F8A8D200439DE2 /* tabbarChallenge.app */,
				1C85E06629F8A8DE00439DE2 /* tabbarChallengeTests.xctest */,
				1C85E07029F8A8DE00439DE2 /* tabbarChallengeUITests.xctest */,
			);
			name = Products;
			sourceTree = "<group>";
		};
		1C85E05229F8A8D200439DE2 /* tabbarChallenge */ = {
			isa = PBXGroup;
			children = (
				1C85E05329F8A8D200439DE2 /* AppDelegate.swift */,
				1C85E05529F8A8D200439DE2 /* SceneDelegate.swift */,
				1C85E08529F8B90500439DE2 /* Cell */,
				1C85E08329F8B89700439DE2 /* Model.swift */,
				1C85E05729F8A8D200439DE2 /* ViewController.swift */,
				1C85E05929F8A8D200439DE2 /* Main.storyboard */,
				1C85E05C29F8A8DD00439DE2 /* Assets.xcassets */,
				1C85E05E29F8A8DD00439DE2 /* LaunchScreen.storyboard */,
				1C85E06129F8A8DD00439DE2 /* Info.plist */,
			);
			path = tabbarChallenge;
			sourceTree = "<group>";
		};
		1C85E06929F8A8DE00439DE2 /* tabbarChallengeTests */ = {
			isa = PBXGroup;
			children = (
				1C85E06A29F8A8DE00439DE2 /* tabbarChallengeTests.swift */,
			);
			path = tabbarChallengeTests;
			sourceTree = "<group>";
		};
		1C85E07329F8A8DE00439DE2 /* tabbarChallengeUITests */ = {
			isa = PBXGroup;
			children = (
				1C85E07429F8A8DE00439DE2 /* tabbarChallengeUITests.swift */,
				1C85E07629F8A8DE00439DE2 /* tabbarChallengeUITestsLaunchTests.swift */,
			);
			path = tabbarChallengeUITests;
			sourceTree = "<group>";
		};
		1C85E08529F8B90500439DE2 /* Cell */ = {
			isa = PBXGroup;
			children = (
				1C85E08629F8B93D00439DE2 /* UserTableViewCell.xib */,
				1C85E08829F8B9CE00439DE2 /* UserTableViewCell.swift */,
			);
			path = Cell;
			sourceTree = "<group>";
		};
/* End PBXGroup section */

/* Begin PBXNativeTarget section */
		1C85E04F29F8A8D200439DE2 /* tabbarChallenge */ = {
			isa = PBXNativeTarget;
			buildConfigurationList = 1C85E07A29F8A8DE00439DE2 /* Build configuration list for PBXNativeTarget "tabbarChallenge" */;
			buildPhases = (
				1C85E04C29F8A8D200439DE2 /* Sources */,
				1C85E04D29F8A8D200439DE2 /* Frameworks */,
				1C85E04E29F8A8D200439DE2 /* Resources */,
			);
			buildRules = (
			);
			dependencies = (
			);
			name = tabbarChallenge;
			productName = tabbarChallenge;
			productReference = 1C85E05029F8A8D200439DE2 /* tabbarChallenge.app */;
			productType = "com.apple.product-type.application";
		};
		1C85E06529F8A8DE00439DE2 /* tabbarChallengeTests */ = {
			isa = PBXNativeTarget;
			buildConfigurationList = 1C85E07D29F8A8DE00439DE2 /* Build configuration list for PBXNativeTarget "tabbarChallengeTests" */;
			buildPhases = (
				1C85E06229F8A8DE00439DE2 /* Sources */,
				1C85E06329F8A8DE00439DE2 /* Frameworks */,
				1C85E06429F8A8DE00439DE2 /* Resources */,
			);
			buildRules = (
			);
			dependencies = (
				1C85E06829F8A8DE00439DE2 /* PBXTargetDependency */,
			);
			name = tabbarChallengeTests;
			productName = tabbarChallengeTests;
			productReference = 1C85E06629F8A8DE00439DE2 /* tabbarChallengeTests.xctest */;
			productType = "com.apple.product-type.bundle.unit-test";
		};
		1C85E06F29F8A8DE00439DE2 /* tabbarChallengeUITests */ = {
			isa = PBXNativeTarget;
			buildConfigurationList = 1C85E08029F8A8DE00439DE2 /* Build configuration list for PBXNativeTarget "tabbarChallengeUITests" */;
			buildPhases = (
				1C85E06C29F8A8DE00439DE2 /* Sources */,
				1C85E06D29F8A8DE00439DE2 /* Frameworks */,
				1C85E06E29F8A8DE00439DE2 /* Resources */,
			);
			buildRules = (
			);
			dependencies = (
				1C85E07229F8A8DE00439DE2 /* PBXTargetDependency */,
			);
			name = tabbarChallengeUITests;
			productName = tabbarChallengeUITests;
			productReference = 1C85E07029F8A8DE00439DE2 /* tabbarChallengeUITests.xctest */;
			productType = "com.apple.product-type.bundle.ui-testing";
		};
/* End PBXNativeTarget section */

/* Begin PBXProject section */
		1C85E04829F8A8D200439DE2 /* Project object */ = {
			isa = PBXProject;
			attributes = {
				BuildIndependentTargetsInParallel = 1;
				LastSwiftUpdateCheck = 1320;
				LastUpgradeCheck = 1320;
				TargetAttributes = {
					1C85E04F29F8A8D200439DE2 = {
						CreatedOnToolsVersion = 13.2;
					};
					1C85E06529F8A8DE00439DE2 = {
						CreatedOnToolsVersion = 13.2;
						TestTargetID = 1C85E04F29F8A8D200439DE2;
					};
					1C85E06F29F8A8DE00439DE2 = {
						CreatedOnToolsVersion = 13.2;
						TestTargetID = 1C85E04F29F8A8D200439DE2;
					};
				};
			};
			buildConfigurationList = 1C85E04B29F8A8D200439DE2 /* Build configuration list for PBXProject "tabbarChallenge" */;
			compatibilityVersion = "Xcode 13.0";
			developmentRegion = en;
			hasScannedForEncodings = 0;
			knownRegions = (
				en,
				Base,
			);
			mainGroup = 1C85E04729F8A8D200439DE2;
			productRefGroup = 1C85E05129F8A8D200439DE2 /* Products */;
			projectDirPath = "";
			projectRoot = "";
			targets = (
				1C85E04F29F8A8D200439DE2 /* tabbarChallenge */,
				1C85E06529F8A8DE00439DE2 /* tabbarChallengeTests */,
				1C85E06F29F8A8DE00439DE2 /* tabbarChallengeUITests */,
			);
		};
/* End PBXProject section */

/* Begin PBXResourcesBuildPhase section */
		1C85E04E29F8A8D200439DE2 /* Resources */ = {
			isa = PBXResourcesBuildPhase;
			buildActionMask = 2147483647;
			files = (
				1C85E08729F8B93D00439DE2 /* UserTableViewCell.xib in Resources */,
				1C85E06029F8A8DD00439DE2 /* LaunchScreen.storyboard in Resources */,
				1C85E05D29F8A8DD00439DE2 /* Assets.xcassets in Resources */,
				1C85E05B29F8A8D200439DE2 /* Main.storyboard in Resources */,
			);
			runOnlyForDeploymentPostprocessing = 0;
		};
		1C85E06429F8A8DE00439DE2 /* Resources */ = {
			isa = PBXResourcesBuildPhase;
			buildActionMask = 2147483647;
			files = (
			);
			runOnlyForDeploymentPostprocessing = 0;
		};
		1C85E06E29F8A8DE00439DE2 /* Resources */ = {
			isa = PBXResourcesBuildPhase;
			buildActionMask = 2147483647;
			files = (
			);
			runOnlyForDeploymentPostprocessing = 0;
		};
/* End PBXResourcesBuildPhase section */

/* Begin PBXSourcesBuildPhase section */
		1C85E04C29F8A8D200439DE2 /* Sources */ = {
			isa = PBXSourcesBuildPhase;
			buildActionMask = 2147483647;
			files = (
				1C85E05829F8A8D200439DE2 /* ViewController.swift in Sources */,
				1C85E05429F8A8D200439DE2 /* AppDelegate.swift in Sources */,
				1C85E05629F8A8D200439DE2 /* SceneDelegate.swift in Sources */,
				1C85E08429F8B89700439DE2 /* Model.swift in Sources */,
				1C85E08929F8B9CE00439DE2 /* UserTableViewCell.swift in Sources */,
			);
			runOnlyForDeploymentPostprocessing = 0;
		};
		1C85E06229F8A8DE00439DE2 /* Sources */ = {
			isa = PBXSourcesBuildPhase;
			buildActionMask = 2147483647;
			files = (
				1C85E06B29F8A8DE00439DE2 /* tabbarChallengeTests.swift in Sources */,
			);
			runOnlyForDeploymentPostprocessing = 0;
		};
		1C85E06C29F8A8DE00439DE2 /* Sources */ = {
			isa = PBXSourcesBuildPhase;
			buildActionMask = 2147483647;
			files = (
				1C85E07729F8A8DE00439DE2 /* tabbarChallengeUITestsLaunchTests.swift in Sources */,
				1C85E07529F8A8DE00439DE2 /* tabbarChallengeUITests.swift in Sources */,
			);
			runOnlyForDeploymentPostprocessing = 0;
		};
/* End PBXSourcesBuildPhase section */

/* Begin PBXTargetDependency section */
		1C85E06829F8A8DE00439DE2 /* PBXTargetDependency */ = {
			isa = PBXTargetDependency;
			target = 1C85E04F29F8A8D200439DE2 /* tabbarChallenge */;
			targetProxy = 1C85E06729F8A8DE00439DE2 /* PBXContainerItemProxy */;
		};
		1C85E07229F8A8DE00439DE2 /* PBXTargetDependency */ = {
			isa = PBXTargetDependency;
			target = 1C85E04F29F8A8D200439DE2 /* tabbarChallenge */;
			targetProxy = 1C85E07129F8A8DE00439DE2 /* PBXContainerItemProxy */;
		};
/* End PBXTargetDependency section */

/* Begin PBXVariantGroup section */
		1C85E05929F8A8D200439DE2 /* Main.storyboard */ = {
			isa = PBXVariantGroup;
			children = (
				1C85E05A29F8A8D200439DE2 /* Base */,
			);
			name = Main.storyboard;
			sourceTree = "<group>";
		};
		1C85E05E29F8A8DD00439DE2 /* LaunchScreen.storyboard */ = {
			isa = PBXVariantGroup;
			children = (
				1C85E05F29F8A8DD00439DE2 /* Base */,
			);
			name = LaunchScreen.storyboard;
			sourceTree = "<group>";
		};
/* End PBXVariantGroup section */

/* Begin XCBuildConfiguration section */
		1C85E07829F8A8DE00439DE2 /* Debug */ = {
			isa = XCBuildConfiguration;
			buildSettings = {
				ALWAYS_SEARCH_USER_PATHS = NO;
				CLANG_ANALYZER_NONNULL = YES;
				CLANG_ANALYZER_NUMBER_OBJECT_CONVERSION = YES_AGGRESSIVE;
				CLANG_CXX_LANGUAGE_STANDARD = "gnu++17";
				CLANG_CXX_LIBRARY = "libc++";
				CLANG_ENABLE_MODULES = YES;
				CLANG_ENABLE_OBJC_ARC = YES;
				CLANG_ENABLE_OBJC_WEAK = YES;
				CLANG_WARN_BLOCK_CAPTURE_AUTORELEASING = YES;
				CLANG_WARN_BOOL_CONVERSION = YES;
				CLANG_WARN_COMMA = YES;
				CLANG_WARN_CONSTANT_CONVERSION = YES;
				CLANG_WARN_DEPRECATED_OBJC_IMPLEMENTATIONS = YES;
				CLANG_WARN_DIRECT_OBJC_ISA_USAGE = YES_ERROR;
				CLANG_WARN_DOCUMENTATION_COMMENTS = YES;
				CLANG_WARN_EMPTY_BODY = YES;
				CLANG_WARN_ENUM_CONVERSION = YES;
				CLANG_WARN_INFINITE_RECURSION = YES;
				CLANG_WARN_INT_CONVERSION = YES;
				CLANG_WARN_NON_LITERAL_NULL_CONVERSION = YES;
				CLANG_WARN_OBJC_IMPLICIT_RETAIN_SELF = YES;
				CLANG_WARN_OBJC_LITERAL_CONVERSION = YES;
				CLANG_WARN_OBJC_ROOT_CLASS = YES_ERROR;
				CLANG_WARN_QUOTED_INCLUDE_IN_FRAMEWORK_HEADER = YES;
				CLANG_WARN_RANGE_LOOP_ANALYSIS = YES;
				CLANG_WARN_STRICT_PROTOTYPES = YES;
				CLANG_WARN_SUSPICIOUS_MOVE = YES;
				CLANG_WARN_UNGUARDED_AVAILABILITY = YES_AGGRESSIVE;
				CLANG_WARN_UNREACHABLE_CODE = YES;
				CLANG_WARN__DUPLICATE_METHOD_MATCH = YES;
				COPY_PHASE_STRIP = NO;
				DEBUG_INFORMATION_FORMAT = dwarf;
				ENABLE_STRICT_OBJC_MSGSEND = YES;
				ENABLE_TESTABILITY = YES;
				GCC_C_LANGUAGE_STANDARD = gnu11;
				GCC_DYNAMIC_NO_PIC = NO;
				GCC_NO_COMMON_BLOCKS = YES;
				GCC_OPTIMIZATION_LEVEL = 0;
				GCC_PREPROCESSOR_DEFINITIONS = (
					"DEBUG=1",
					"$(inherited)",
				);
				GCC_WARN_64_TO_32_BIT_CONVERSION = YES;
				GCC_WARN_ABOUT_RETURN_TYPE = YES_ERROR;
				GCC_WARN_UNDECLARED_SELECTOR = YES;
				GCC_WARN_UNINITIALIZED_AUTOS = YES_AGGRESSIVE;
				GCC_WARN_UNUSED_FUNCTION = YES;
				GCC_WARN_UNUSED_VARIABLE = YES;
				IPHONEOS_DEPLOYMENT_TARGET = 15.2;
				MTL_ENABLE_DEBUG_INFO = INCLUDE_SOURCE;
				MTL_FAST_MATH = YES;
				ONLY_ACTIVE_ARCH = YES;
				SDKROOT = iphoneos;
				SWIFT_ACTIVE_COMPILATION_CONDITIONS = DEBUG;
				SWIFT_OPTIMIZATION_LEVEL = "-Onone";
			};
			name = Debug;
		};
		1C85E07929F8A8DE00439DE2 /* Release */ = {
			isa = XCBuildConfiguration;
			buildSettings = {
				ALWAYS_SEARCH_USER_PATHS = NO;
				CLANG_ANALYZER_NONNULL = YES;
				CLANG_ANALYZER_NUMBER_OBJECT_CONVERSION = YES_AGGRESSIVE;
				CLANG_CXX_LANGUAGE_STANDARD = "gnu++17";
				CLANG_CXX_LIBRARY = "libc++";
				CLANG_ENABLE_MODULES = YES;
				CLANG_ENABLE_OBJC_ARC = YES;
				CLANG_ENABLE_OBJC_WEAK = YES;
				CLANG_WARN_BLOCK_CAPTURE_AUTORELEASING = YES;
				CLANG_WARN_BOOL_CONVERSION = YES;
				CLANG_WARN_COMMA = YES;
				CLANG_WARN_CONSTANT_CONVERSION = YES;
				CLANG_WARN_DEPRECATED_OBJC_IMPLEMENTATIONS = YES;
				CLANG_WARN_DIRECT_OBJC_ISA_USAGE = YES_ERROR;
				CLANG_WARN_DOCUMENTATION_COMMENTS = YES;
				CLANG_WARN_EMPTY_BODY = YES;
				CLANG_WARN_ENUM_CONVERSION = YES;
				CLANG_WARN_INFINITE_RECURSION = YES;
				CLANG_WARN_INT_CONVERSION = YES;
				CLANG_WARN_NON_LITERAL_NULL_CONVERSION = YES;
				CLANG_WARN_OBJC_IMPLICIT_RETAIN_SELF = YES;
				CLANG_WARN_OBJC_LITERAL_CONVERSION = YES;
				CLANG_WARN_OBJC_ROOT_CLASS = YES_ERROR;
				CLANG_WARN_QUOTED_INCLUDE_IN_FRAMEWORK_HEADER = YES;
				CLANG_WARN_RANGE_LOOP_ANALYSIS = YES;
				CLANG_WARN_STRICT_PROTOTYPES = YES;
				CLANG_WARN_SUSPICIOUS_MOVE = YES;
				CLANG_WARN_UNGUARDED_AVAILABILITY = YES_AGGRESSIVE;
				CLANG_WARN_UNREACHABLE_CODE = YES;
				CLANG_WARN__DUPLICATE_METHOD_MATCH = YES;
				COPY_PHASE_STRIP = NO;
				DEBUG_INFORMATION_FORMAT = "dwarf-with-dsym";
				ENABLE_NS_ASSERTIONS = NO;
				ENABLE_STRICT_OBJC_MSGSEND = YES;
				GCC_C_LANGUAGE_STANDARD = gnu11;
				GCC_NO_COMMON_BLOCKS = YES;
				GCC_WARN_64_TO_32_BIT_CONVERSION = YES;
				GCC_WARN_ABOUT_RETURN_TYPE = YES_ERROR;
				GCC_WARN_UNDECLARED_SELECTOR = YES;
				GCC_WARN_UNINITIALIZED_AUTOS = YES_AGGRESSIVE;
				GCC_WARN_UNUSED_FUNCTION = YES;
				GCC_WARN_UNUSED_VARIABLE = YES;
				IPHONEOS_DEPLOYMENT_TARGET = 15.2;
				MTL_ENABLE_DEBUG_INFO = NO;
				MTL_FAST_MATH = YES;
				SDKROOT = iphoneos;
				SWIFT_COMPILATION_MODE = wholemodule;
				SWIFT_OPTIMIZATION_LEVEL = "-O";
				VALIDATE_PRODUCT = YES;
			};
			name = Release;
		};
		1C85E07B29F8A8DE00439DE2 /* Debug */ = {
			isa = XCBuildConfiguration;
			buildSettings = {
				ASSETCATALOG_COMPILER_APPICON_NAME = AppIcon;
				ASSETCATALOG_COMPILER_GLOBAL_ACCENT_COLOR_NAME = AccentColor;
				CODE_SIGN_STYLE = Automatic;
				CURRENT_PROJECT_VERSION = 1;
				GENERATE_INFOPLIST_FILE = YES;
				INFOPLIST_FILE = tabbarChallenge/Info.plist;
				INFOPLIST_KEY_UIApplicationSupportsIndirectInputEvents = YES;
				INFOPLIST_KEY_UILaunchStoryboardName = LaunchScreen;
				INFOPLIST_KEY_UIMainStoryboardFile = Main;
				INFOPLIST_KEY_UISupportedInterfaceOrientations_iPad = "UIInterfaceOrientationPortrait UIInterfaceOrientationPortraitUpsideDown UIInterfaceOrientationLandscapeLeft UIInterfaceOrientationLandscapeRight";
				INFOPLIST_KEY_UISupportedInterfaceOrientations_iPhone = "UIInterfaceOrientationPortrait UIInterfaceOrientationLandscapeLeft UIInterfaceOrientationLandscapeRight";
				LD_RUNPATH_SEARCH_PATHS = (
					"$(inherited)",
					"@executable_path/Frameworks",
				);
				MARKETING_VERSION = 1.0;
				PRODUCT_BUNDLE_IDENTIFIER = com.example.tabbarChallenge;
				PRODUCT_NAME = "$(TARGET_NAME)";
				SWIFT_EMIT_LOC_STRINGS = YES;
				SWIFT_VERSION = 5.0;
				TARGETED_DEVICE_FAMILY = "1,2";
			};
			name = Debug;
		};
		1C85E07C29F8A8DE00439DE2 /* Release */ = {
			isa = XCBuildConfiguration;
			buildSettings = {
				ASSETCATALOG_COMPILER_APPICON_NAME = AppIcon;
				ASSETCATALOG_COMPILER_GLOBAL_ACCENT_COLOR_NAME = AccentColor;
				CODE_SIGN_STYLE = Automatic;
				CURRENT_PROJECT_VERSION = 1;
				GENERATE_INFOPLIST_FILE = YES;
				INFOPLIST_FILE = tabbarChallenge/Info.plist;
				INFOPLIST_KEY_UIApplicationSupportsIndirectInputEvents = YES;
				INFOPLIST_KEY_UILaunchStoryboardName = LaunchScreen;
				INFOPLIST_KEY_UIMainStoryboardFile = Main;
				INFOPLIST_KEY_UISupportedInterfaceOrientations_iPad = "UIInterfaceOrientationPortrait UIInterfaceOrientationPortraitUpsideDown UIInterfaceOrientationLandscapeLeft UIInterfaceOrientationLandscapeRight";
				INFOPLIST_KEY_UISupportedInterfaceOrientations_iPhone = "UIInterfaceOrientationPortrait UIInterfaceOrientationLandscapeLeft UIInterfaceOrientationLandscapeRight";
				LD_RUNPATH_SEARCH_PATHS = (
					"$(inherited)",
					"@executable_path/Frameworks",
				);
				MARKETING_VERSION = 1.0;
				PRODUCT_BUNDLE_IDENTIFIER = com.example.tabbarChallenge;
				PRODUCT_NAME = "$(TARGET_NAME)";
				SWIFT_EMIT_LOC_STRINGS = YES;
				SWIFT_VERSION = 5.0;
				TARGETED_DEVICE_FAMILY = "1,2";
			};
			name = Release;
		};
		1C85E07E29F8A8DE00439DE2 /* Debug */ = {
			isa = XCBuildConfiguration;
			buildSettings = {
				ALWAYS_EMBED_SWIFT_STANDARD_LIBRARIES = YES;
				BUNDLE_LOADER = "$(TEST_HOST)";
				CODE_SIGN_STYLE = Automatic;
				CURRENT_PROJECT_VERSION = 1;
				GENERATE_INFOPLIST_FILE = YES;
				IPHONEOS_DEPLOYMENT_TARGET = 15.2;
				MARKETING_VERSION = 1.0;
				PRODUCT_BUNDLE_IDENTIFIER = com.example.tabbarChallengeTests;
				PRODUCT_NAME = "$(TARGET_NAME)";
				SWIFT_EMIT_LOC_STRINGS = NO;
				SWIFT_VERSION = 5.0;
				TARGETED_DEVICE_FAMILY = "1,2";
				TEST_HOST = "$(BUILT_PRODUCTS_DIR)/tabbarChallenge.app/tabbarChallenge";
			};
			name = Debug;
		};
		1C85E07F29F8A8DE00439DE2 /* Release */ = {
			isa = XCBuildConfiguration;
			buildSettings = {
				ALWAYS_EMBED_SWIFT_STANDARD_LIBRARIES = YES;
				BUNDLE_LOADER = "$(TEST_HOST)";
				CODE_SIGN_STYLE = Automatic;
				CURRENT_PROJECT_VERSION = 1;
				GENERATE_INFOPLIST_FILE = YES;
				IPHONEOS_DEPLOYMENT_TARGET = 15.2;
				MARKETING_VERSION = 1.0;
				PRODUCT_BUNDLE_IDENTIFIER = com.example.tabbarChallengeTests;
				PRODUCT_NAME = "$(TARGET_NAME)";
				SWIFT_EMIT_LOC_STRINGS = NO;
				SWIFT_VERSION = 5.0;
				TARGETED_DEVICE_FAMILY = "1,2";
				TEST_HOST = "$(BUILT_PRODUCTS_DIR)/tabbarChallenge.app/tabbarChallenge";
			};
			name = Release;
		};
		1C85E08129F8A8DE00439DE2 /* Debug */ = {
			isa = XCBuildConfiguration;
			buildSettings = {
				ALWAYS_EMBED_SWIFT_STANDARD_LIBRARIES = YES;
				CODE_SIGN_STYLE = Automatic;
				CURRENT_PROJECT_VERSION = 1;
				GENERATE_INFOPLIST_FILE = YES;
				MARKETING_VERSION = 1.0;
				PRODUCT_BUNDLE_IDENTIFIER = com.example.tabbarChallengeUITests;
				PRODUCT_NAME = "$(TARGET_NAME)";
				SWIFT_EMIT_LOC_STRINGS = NO;
				SWIFT_VERSION = 5.0;
				TARGETED_DEVICE_FAMILY = "1,2";
				TEST_TARGET_NAME = tabbarChallenge;
			};
			name = Debug;
		};
		1C85E08229F8A8DE00439DE2 /* Release */ = {
			isa = XCBuildConfiguration;
			buildSettings = {
				ALWAYS_EMBED_SWIFT_STANDARD_LIBRARIES = YES;
				CODE_SIGN_STYLE = Automatic;
				CURRENT_PROJECT_VERSION = 1;
				GENERATE_INFOPLIST_FILE = YES;
				MARKETING_VERSION = 1.0;
				PRODUCT_BUNDLE_IDENTIFIER = com.example.tabbarChallengeUITests;
				PRODUCT_NAME = "$(TARGET_NAME)";
				SWIFT_EMIT_LOC_STRINGS = NO;
				SWIFT_VERSION = 5.0;
				TARGETED_DEVICE_FAMILY = "1,2";
				TEST_TARGET_NAME = tabbarChallenge;
			};
			name = Release;
		};
/* End XCBuildConfiguration section */

/* Begin XCConfigurationList section */
		1C85E04B29F8A8D200439DE2 /* Build configuration list for PBXProject "tabbarChallenge" */ = {
			isa = XCConfigurationList;
			buildConfigurations = (
				1C85E07829F8A8DE00439DE2 /* Debug */,
				1C85E07929F8A8DE00439DE2 /* Release */,
			);
			defaultConfigurationIsVisible = 0;
			defaultConfigurationName = Release;
		};
		1C85E07A29F8A8DE00439DE2 /* Build configuration list for PBXNativeTarget "tabbarChallenge" */ = {
			isa = XCConfigurationList;
			buildConfigurations = (
				1C85E07B29F8A8DE00439DE2 /* Debug */,
				1C85E07C29F8A8DE00439DE2 /* Release */,
			);
			defaultConfigurationIsVisible = 0;
			defaultConfigurationName = Release;
		};
		1C85E07D29F8A8DE00439DE2 /* Build configuration list for PBXNativeTarget "tabbarChallengeTests" */ = {
			isa = XCConfigurationList;
			buildConfigurations = (
				1C85E07E29F8A8DE00439DE2 /* Debug */,
				1C85E07F29F8A8DE00439DE2 /* Release */,
			);
			defaultConfigurationIsVisible = 0;
			defaultConfigurationName = Release;
		};
		1C85E08029F8A8DE00439DE2 /* Build configuration list for PBXNativeTarget "tabbarChallengeUITests" */ = {
			isa = XCConfigurationList;
			buildConfigurations = (
				1C85E08129F8A8DE00439DE2 /* Debug */,
				1C85E08229F8A8DE00439DE2 /* Release */,
			);
			defaultConfigurationIsVisible = 0;
			defaultConfigurationName = Release;
		};
/* End XCConfigurationList section */
	};
	rootObject = 1C85E04829F8A8D200439DE2 /* Project object */;
}
