// !$*UTF8*$!
{
	archiveVersion = 1;
	classes = {
	};
	objectVersion = 55;
	objects = {

/* Begin PBXBuildFile section */
		1C64833929E9D12C00022685 /* AppDelegate.swift in Sources */ = {isa = PBXBuildFile; fileRef = 1C64833829E9D12C00022685 /* AppDelegate.swift */; };
		1C64833B29E9D12C00022685 /* SceneDelegate.swift in Sources */ = {isa = PBXBuildFile; fileRef = 1C64833A29E9D12C00022685 /* SceneDelegate.swift */; };
		1C64833D29E9D12C00022685 /* ViewController.swift in Sources */ = {isa = PBXBuildFile; fileRef = 1C64833C29E9D12C00022685 /* ViewController.swift */; };
		1C64834029E9D12C00022685 /* Main.storyboard in Resources */ = {isa = PBXBuildFile; fileRef = 1C64833E29E9D12C00022685 /* Main.storyboard */; };
		1C64834229E9D12F00022685 /* Assets.xcassets in Resources */ = {isa = PBXBuildFile; fileRef = 1C64834129E9D12F00022685 /* Assets.xcassets */; };
		1C64834529E9D12F00022685 /* LaunchScreen.storyboard in Resources */ = {isa = PBXBuildFile; fileRef = 1C64834329E9D12F00022685 /* LaunchScreen.storyboard */; };
		1C64835029E9D13000022685 /* XibPraticeTests.swift in Sources */ = {isa = PBXBuildFile; fileRef = 1C64834F29E9D13000022685 /* XibPraticeTests.swift */; };
		1C64835A29E9D13000022685 /* XibPraticeUITests.swift in Sources */ = {isa = PBXBuildFile; fileRef = 1C64835929E9D13000022685 /* XibPraticeUITests.swift */; };
		1C64835C29E9D13000022685 /* XibPraticeUITestsLaunchTests.swift in Sources */ = {isa = PBXBuildFile; fileRef = 1C64835B29E9D13000022685 /* XibPraticeUITestsLaunchTests.swift */; };
		1C64836B29E9D20A00022685 /* TableViewCell.swift in Sources */ = {isa = PBXBuildFile; fileRef = 1C64836A29E9D20A00022685 /* TableViewCell.swift */; };
		1C64836E29E9D28E00022685 /* TableViewCell.xib in Resources */ = {isa = PBXBuildFile; fileRef = 1C64836D29E9D28E00022685 /* TableViewCell.xib */; };
		1C64837029E9D54B00022685 /* Model.swift in Sources */ = {isa = PBXBuildFile; fileRef = 1C64836F29E9D54B00022685 /* Model.swift */; };
/* End PBXBuildFile section */

/* Begin PBXContainerItemProxy section */
		1C64834C29E9D13000022685 /* PBXContainerItemProxy */ = {
			isa = PBXContainerItemProxy;
			containerPortal = 1C64832D29E9D12C00022685 /* Project object */;
			proxyType = 1;
			remoteGlobalIDString = 1C64833429E9D12C00022685;
			remoteInfo = XibPratice;
		};
		1C64835629E9D13000022685 /* PBXContainerItemProxy */ = {
			isa = PBXContainerItemProxy;
			containerPortal = 1C64832D29E9D12C00022685 /* Project object */;
			proxyType = 1;
			remoteGlobalIDString = 1C64833429E9D12C00022685;
			remoteInfo = XibPratice;
		};
/* End PBXContainerItemProxy section */

/* Begin PBXFileReference section */
		1C64833529E9D12C00022685 /* XibPratice.app */ = {isa = PBXFileReference; explicitFileType = wrapper.application; includeInIndex = 0; path = XibPratice.app; sourceTree = BUILT_PRODUCTS_DIR; };
		1C64833829E9D12C00022685 /* AppDelegate.swift */ = {isa = PBXFileReference; lastKnownFileType = sourcecode.swift; path = AppDelegate.swift; sourceTree = "<group>"; };
		1C64833A29E9D12C00022685 /* SceneDelegate.swift */ = {isa = PBXFileReference; lastKnownFileType = sourcecode.swift; path = SceneDelegate.swift; sourceTree = "<group>"; };
		1C64833C29E9D12C00022685 /* ViewController.swift */ = {isa = PBXFileReference; lastKnownFileType = sourcecode.swift; path = ViewController.swift; sourceTree = "<group>"; };
		1C64833F29E9D12C00022685 /* Base */ = {isa = PBXFileReference; lastKnownFileType = file.storyboard; name = Base; path = Base.lproj/Main.storyboard; sourceTree = "<group>"; };
		1C64834129E9D12F00022685 /* Assets.xcassets */ = {isa = PBXFileReference; lastKnownFileType = folder.assetcatalog; path = Assets.xcassets; sourceTree = "<group>"; };
		1C64834429E9D12F00022685 /* Base */ = {isa = PBXFileReference; lastKnownFileType = file.storyboard; name = Base; path = Base.lproj/LaunchScreen.storyboard; sourceTree = "<group>"; };
		1C64834629E9D12F00022685 /* Info.plist */ = {isa = PBXFileReference; lastKnownFileType = text.plist.xml; path = Info.plist; sourceTree = "<group>"; };
		1C64834B29E9D13000022685 /* XibPraticeTests.xctest */ = {isa = PBXFileReference; explicitFileType = wrapper.cfbundle; includeInIndex = 0; path = XibPraticeTests.xctest; sourceTree = BUILT_PRODUCTS_DIR; };
		1C64834F29E9D13000022685 /* XibPraticeTests.swift */ = {isa = PBXFileReference; lastKnownFileType = sourcecode.swift; path = XibPraticeTests.swift; sourceTree = "<group>"; };
		1C64835529E9D13000022685 /* XibPraticeUITests.xctest */ = {isa = PBXFileReference; explicitFileType = wrapper.cfbundle; includeInIndex = 0; path = XibPraticeUITests.xctest; sourceTree = BUILT_PRODUCTS_DIR; };
		1C64835929E9D13000022685 /* XibPraticeUITests.swift */ = {isa = PBXFileReference; lastKnownFileType = sourcecode.swift; path = XibPraticeUITests.swift; sourceTree = "<group>"; };
		1C64835B29E9D13000022685 /* XibPraticeUITestsLaunchTests.swift */ = {isa = PBXFileReference; lastKnownFileType = sourcecode.swift; path = XibPraticeUITestsLaunchTests.swift; sourceTree = "<group>"; };
		1C64836A29E9D20A00022685 /* TableViewCell.swift */ = {isa = PBXFileReference; lastKnownFileType = sourcecode.swift; path = TableViewCell.swift; sourceTree = "<group>"; };
		1C64836D29E9D28E00022685 /* TableViewCell.xib */ = {isa = PBXFileReference; lastKnownFileType = file.xib; path = TableViewCell.xib; sourceTree = "<group>"; };
		1C64836F29E9D54B00022685 /* Model.swift */ = {isa = PBXFileReference; lastKnownFileType = sourcecode.swift; path = Model.swift; sourceTree = "<group>"; };
/* End PBXFileReference section */

/* Begin PBXFrameworksBuildPhase section */
		1C64833229E9D12C00022685 /* Frameworks */ = {
			isa = PBXFrameworksBuildPhase;
			buildActionMask = 2147483647;
			files = (
			);
			runOnlyForDeploymentPostprocessing = 0;
		};
		1C64834829E9D13000022685 /* Frameworks */ = {
			isa = PBXFrameworksBuildPhase;
			buildActionMask = 2147483647;
			files = (
			);
			runOnlyForDeploymentPostprocessing = 0;
		};
		1C64835229E9D13000022685 /* Frameworks */ = {
			isa = PBXFrameworksBuildPhase;
			buildActionMask = 2147483647;
			files = (
			);
			runOnlyForDeploymentPostprocessing = 0;
		};
/* End PBXFrameworksBuildPhase section */

/* Begin PBXGroup section */
		1C64832C29E9D12C00022685 = {
			isa = PBXGroup;
			children = (
				1C64833729E9D12C00022685 /* XibPratice */,
				1C64834E29E9D13000022685 /* XibPraticeTests */,
				1C64835829E9D13000022685 /* XibPraticeUITests */,
				1C64833629E9D12C00022685 /* Products */,
			);
			sourceTree = "<group>";
		};
		1C64833629E9D12C00022685 /* Products */ = {
			isa = PBXGroup;
			children = (
				1C64833529E9D12C00022685 /* XibPratice.app */,
				1C64834B29E9D13000022685 /* XibPraticeTests.xctest */,
				1C64835529E9D13000022685 /* XibPraticeUITests.xctest */,
			);
			name = Products;
			sourceTree = "<group>";
		};
		1C64833729E9D12C00022685 /* XibPratice */ = {
			isa = PBXGroup;
			children = (
				1C64833829E9D12C00022685 /* AppDelegate.swift */,
				1C64833A29E9D12C00022685 /* SceneDelegate.swift */,
				1C64836F29E9D54B00022685 /* Model.swift */,
				1C64836C29E9D21700022685 /* Table View Cell */,
				1C64833C29E9D12C00022685 /* ViewController.swift */,
				1C64833E29E9D12C00022685 /* Main.storyboard */,
				1C64834129E9D12F00022685 /* Assets.xcassets */,
				1C64834329E9D12F00022685 /* LaunchScreen.storyboard */,
				1C64834629E9D12F00022685 /* Info.plist */,
			);
			path = XibPratice;
			sourceTree = "<group>";
		};
		1C64834E29E9D13000022685 /* XibPraticeTests */ = {
			isa = PBXGroup;
			children = (
				1C64834F29E9D13000022685 /* XibPraticeTests.swift */,
			);
			path = XibPraticeTests;
			sourceTree = "<group>";
		};
		1C64835829E9D13000022685 /* XibPraticeUITests */ = {
			isa = PBXGroup;
			children = (
				1C64835929E9D13000022685 /* XibPraticeUITests.swift */,
				1C64835B29E9D13000022685 /* XibPraticeUITestsLaunchTests.swift */,
			);
			path = XibPraticeUITests;
			sourceTree = "<group>";
		};
		1C64836C29E9D21700022685 /* Table View Cell */ = {
			isa = PBXGroup;
			children = (
				1C64836A29E9D20A00022685 /* TableViewCell.swift */,
				1C64836D29E9D28E00022685 /* TableViewCell.xib */,
			);
			path = "Table View Cell";
			sourceTree = "<group>";
		};
/* End PBXGroup section */

/* Begin PBXNativeTarget section */
		1C64833429E9D12C00022685 /* XibPratice */ = {
			isa = PBXNativeTarget;
			buildConfigurationList = 1C64835F29E9D13000022685 /* Build configuration list for PBXNativeTarget "XibPratice" */;
			buildPhases = (
				1C64833129E9D12C00022685 /* Sources */,
				1C64833229E9D12C00022685 /* Frameworks */,
				1C64833329E9D12C00022685 /* Resources */,
			);
			buildRules = (
			);
			dependencies = (
			);
			name = XibPratice;
			productName = XibPratice;
			productReference = 1C64833529E9D12C00022685 /* XibPratice.app */;
			productType = "com.apple.product-type.application";
		};
		1C64834A29E9D13000022685 /* XibPraticeTests */ = {
			isa = PBXNativeTarget;
			buildConfigurationList = 1C64836229E9D13000022685 /* Build configuration list for PBXNativeTarget "XibPraticeTests" */;
			buildPhases = (
				1C64834729E9D13000022685 /* Sources */,
				1C64834829E9D13000022685 /* Frameworks */,
				1C64834929E9D13000022685 /* Resources */,
			);
			buildRules = (
			);
			dependencies = (
				1C64834D29E9D13000022685 /* PBXTargetDependency */,
			);
			name = XibPraticeTests;
			productName = XibPraticeTests;
			productReference = 1C64834B29E9D13000022685 /* XibPraticeTests.xctest */;
			productType = "com.apple.product-type.bundle.unit-test";
		};
		1C64835429E9D13000022685 /* XibPraticeUITests */ = {
			isa = PBXNativeTarget;
			buildConfigurationList = 1C64836529E9D13000022685 /* Build configuration list for PBXNativeTarget "XibPraticeUITests" */;
			buildPhases = (
				1C64835129E9D13000022685 /* Sources */,
				1C64835229E9D13000022685 /* Frameworks */,
				1C64835329E9D13000022685 /* Resources */,
			);
			buildRules = (
			);
			dependencies = (
				1C64835729E9D13000022685 /* PBXTargetDependency */,
			);
			name = XibPraticeUITests;
			productName = XibPraticeUITests;
			productReference = 1C64835529E9D13000022685 /* XibPraticeUITests.xctest */;
			productType = "com.apple.product-type.bundle.ui-testing";
		};
/* End PBXNativeTarget section */

/* Begin PBXProject section */
		1C64832D29E9D12C00022685 /* Project object */ = {
			isa = PBXProject;
			attributes = {
				BuildIndependentTargetsInParallel = 1;
				LastSwiftUpdateCheck = 1320;
				LastUpgradeCheck = 1320;
				TargetAttributes = {
					1C64833429E9D12C00022685 = {
						CreatedOnToolsVersion = 13.2;
					};
					1C64834A29E9D13000022685 = {
						CreatedOnToolsVersion = 13.2;
						TestTargetID = 1C64833429E9D12C00022685;
					};
					1C64835429E9D13000022685 = {
						CreatedOnToolsVersion = 13.2;
						TestTargetID = 1C64833429E9D12C00022685;
					};
				};
			};
			buildConfigurationList = 1C64833029E9D12C00022685 /* Build configuration list for PBXProject "XibPratice" */;
			compatibilityVersion = "Xcode 13.0";
			developmentRegion = en;
			hasScannedForEncodings = 0;
			knownRegions = (
				en,
				Base,
			);
			mainGroup = 1C64832C29E9D12C00022685;
			productRefGroup = 1C64833629E9D12C00022685 /* Products */;
			projectDirPath = "";
			projectRoot = "";
			targets = (
				1C64833429E9D12C00022685 /* XibPratice */,
				1C64834A29E9D13000022685 /* XibPraticeTests */,
				1C64835429E9D13000022685 /* XibPraticeUITests */,
			);
		};
/* End PBXProject section */

/* Begin PBXResourcesBuildPhase section */
		1C64833329E9D12C00022685 /* Resources */ = {
			isa = PBXResourcesBuildPhase;
			buildActionMask = 2147483647;
			files = (
				1C64834529E9D12F00022685 /* LaunchScreen.storyboard in Resources */,
				1C64836E29E9D28E00022685 /* TableViewCell.xib in Resources */,
				1C64834229E9D12F00022685 /* Assets.xcassets in Resources */,
				1C64834029E9D12C00022685 /* Main.storyboard in Resources */,
			);
			runOnlyForDeploymentPostprocessing = 0;
		};
		1C64834929E9D13000022685 /* Resources */ = {
			isa = PBXResourcesBuildPhase;
			buildActionMask = 2147483647;
			files = (
			);
			runOnlyForDeploymentPostprocessing = 0;
		};
		1C64835329E9D13000022685 /* Resources */ = {
			isa = PBXResourcesBuildPhase;
			buildActionMask = 2147483647;
			files = (
			);
			runOnlyForDeploymentPostprocessing = 0;
		};
/* End PBXResourcesBuildPhase section */

/* Begin PBXSourcesBuildPhase section */
		1C64833129E9D12C00022685 /* Sources */ = {
			isa = PBXSourcesBuildPhase;
			buildActionMask = 2147483647;
			files = (
				1C64837029E9D54B00022685 /* Model.swift in Sources */,
				1C64833D29E9D12C00022685 /* ViewController.swift in Sources */,
				1C64836B29E9D20A00022685 /* TableViewCell.swift in Sources */,
				1C64833929E9D12C00022685 /* AppDelegate.swift in Sources */,
				1C64833B29E9D12C00022685 /* SceneDelegate.swift in Sources */,
			);
			runOnlyForDeploymentPostprocessing = 0;
		};
		1C64834729E9D13000022685 /* Sources */ = {
			isa = PBXSourcesBuildPhase;
			buildActionMask = 2147483647;
			files = (
				1C64835029E9D13000022685 /* XibPraticeTests.swift in Sources */,
			);
			runOnlyForDeploymentPostprocessing = 0;
		};
		1C64835129E9D13000022685 /* Sources */ = {
			isa = PBXSourcesBuildPhase;
			buildActionMask = 2147483647;
			files = (
				1C64835A29E9D13000022685 /* XibPraticeUITests.swift in Sources */,
				1C64835C29E9D13000022685 /* XibPraticeUITestsLaunchTests.swift in Sources */,
			);
			runOnlyForDeploymentPostprocessing = 0;
		};
/* End PBXSourcesBuildPhase section */

/* Begin PBXTargetDependency section */
		1C64834D29E9D13000022685 /* PBXTargetDependency */ = {
			isa = PBXTargetDependency;
			target = 1C64833429E9D12C00022685 /* XibPratice */;
			targetProxy = 1C64834C29E9D13000022685 /* PBXContainerItemProxy */;
		};
		1C64835729E9D13000022685 /* PBXTargetDependency */ = {
			isa = PBXTargetDependency;
			target = 1C64833429E9D12C00022685 /* XibPratice */;
			targetProxy = 1C64835629E9D13000022685 /* PBXContainerItemProxy */;
		};
/* End PBXTargetDependency section */

/* Begin PBXVariantGroup section */
		1C64833E29E9D12C00022685 /* Main.storyboard */ = {
			isa = PBXVariantGroup;
			children = (
				1C64833F29E9D12C00022685 /* Base */,
			);
			name = Main.storyboard;
			sourceTree = "<group>";
		};
		1C64834329E9D12F00022685 /* LaunchScreen.storyboard */ = {
			isa = PBXVariantGroup;
			children = (
				1C64834429E9D12F00022685 /* Base */,
			);
			name = LaunchScreen.storyboard;
			sourceTree = "<group>";
		};
/* End PBXVariantGroup section */

/* Begin XCBuildConfiguration section */
		1C64835D29E9D13000022685 /* Debug */ = {
			isa = XCBuildConfiguration;
			buildSettings = {
				ALWAYS_SEARCH_USER_PATHS = NO;
				CLANG_ANALYZER_NONNULL = YES;
				CLANG_ANALYZER_NUMBER_OBJECT_CONVERSION = YES_AGGRESSIVE;
				CLANG_CXX_LANGUAGE_STANDARD = "gnu++17";
				CLANG_CXX_LIBRARY = "libc++";
				CLANG_ENABLE_MODULES = YES;
				CLANG_ENABLE_OBJC_ARC = YES;
				CLANG_ENABLE_OBJC_WEAK = YES;
				CLANG_WARN_BLOCK_CAPTURE_AUTORELEASING = YES;
				CLANG_WARN_BOOL_CONVERSION = YES;
				CLANG_WARN_COMMA = YES;
				CLANG_WARN_CONSTANT_CONVERSION = YES;
				CLANG_WARN_DEPRECATED_OBJC_IMPLEMENTATIONS = YES;
				CLANG_WARN_DIRECT_OBJC_ISA_USAGE = YES_ERROR;
				CLANG_WARN_DOCUMENTATION_COMMENTS = YES;
				CLANG_WARN_EMPTY_BODY = YES;
				CLANG_WARN_ENUM_CONVERSION = YES;
				CLANG_WARN_INFINITE_RECURSION = YES;
				CLANG_WARN_INT_CONVERSION = YES;
				CLANG_WARN_NON_LITERAL_NULL_CONVERSION = YES;
				CLANG_WARN_OBJC_IMPLICIT_RETAIN_SELF = YES;
				CLANG_WARN_OBJC_LITERAL_CONVERSION = YES;
				CLANG_WARN_OBJC_ROOT_CLASS = YES_ERROR;
				CLANG_WARN_QUOTED_INCLUDE_IN_FRAMEWORK_HEADER = YES;
				CLANG_WARN_RANGE_LOOP_ANALYSIS = YES;
				CLANG_WARN_STRICT_PROTOTYPES = YES;
				CLANG_WARN_SUSPICIOUS_MOVE = YES;
				CLANG_WARN_UNGUARDED_AVAILABILITY = YES_AGGRESSIVE;
				CLANG_WARN_UNREACHABLE_CODE = YES;
				CLANG_WARN__DUPLICATE_METHOD_MATCH = YES;
				COPY_PHASE_STRIP = NO;
				DEBUG_INFORMATION_FORMAT = dwarf;
				ENABLE_STRICT_OBJC_MSGSEND = YES;
				ENABLE_TESTABILITY = YES;
				GCC_C_LANGUAGE_STANDARD = gnu11;
				GCC_DYNAMIC_NO_PIC = NO;
				GCC_NO_COMMON_BLOCKS = YES;
				GCC_OPTIMIZATION_LEVEL = 0;
				GCC_PREPROCESSOR_DEFINITIONS = (
					"DEBUG=1",
					"$(inherited)",
				);
				GCC_WARN_64_TO_32_BIT_CONVERSION = YES;
				GCC_WARN_ABOUT_RETURN_TYPE = YES_ERROR;
				GCC_WARN_UNDECLARED_SELECTOR = YES;
				GCC_WARN_UNINITIALIZED_AUTOS = YES_AGGRESSIVE;
				GCC_WARN_UNUSED_FUNCTION = YES;
				GCC_WARN_UNUSED_VARIABLE = YES;
				IPHONEOS_DEPLOYMENT_TARGET = 15.2;
				MTL_ENABLE_DEBUG_INFO = INCLUDE_SOURCE;
				MTL_FAST_MATH = YES;
				ONLY_ACTIVE_ARCH = YES;
				SDKROOT = iphoneos;
				SWIFT_ACTIVE_COMPILATION_CONDITIONS = DEBUG;
				SWIFT_OPTIMIZATION_LEVEL = "-Onone";
			};
			name = Debug;
		};
		1C64835E29E9D13000022685 /* Release */ = {
			isa = XCBuildConfiguration;
			buildSettings = {
				ALWAYS_SEARCH_USER_PATHS = NO;
				CLANG_ANALYZER_NONNULL = YES;
				CLANG_ANALYZER_NUMBER_OBJECT_CONVERSION = YES_AGGRESSIVE;
				CLANG_CXX_LANGUAGE_STANDARD = "gnu++17";
				CLANG_CXX_LIBRARY = "libc++";
				CLANG_ENABLE_MODULES = YES;
				CLANG_ENABLE_OBJC_ARC = YES;
				CLANG_ENABLE_OBJC_WEAK = YES;
				CLANG_WARN_BLOCK_CAPTURE_AUTORELEASING = YES;
				CLANG_WARN_BOOL_CONVERSION = YES;
				CLANG_WARN_COMMA = YES;
				CLANG_WARN_CONSTANT_CONVERSION = YES;
				CLANG_WARN_DEPRECATED_OBJC_IMPLEMENTATIONS = YES;
				CLANG_WARN_DIRECT_OBJC_ISA_USAGE = YES_ERROR;
				CLANG_WARN_DOCUMENTATION_COMMENTS = YES;
				CLANG_WARN_EMPTY_BODY = YES;
				CLANG_WARN_ENUM_CONVERSION = YES;
				CLANG_WARN_INFINITE_RECURSION = YES;
				CLANG_WARN_INT_CONVERSION = YES;
				CLANG_WARN_NON_LITERAL_NULL_CONVERSION = YES;
				CLANG_WARN_OBJC_IMPLICIT_RETAIN_SELF = YES;
				CLANG_WARN_OBJC_LITERAL_CONVERSION = YES;
				CLANG_WARN_OBJC_ROOT_CLASS = YES_ERROR;
				CLANG_WARN_QUOTED_INCLUDE_IN_FRAMEWORK_HEADER = YES;
				CLANG_WARN_RANGE_LOOP_ANALYSIS = YES;
				CLANG_WARN_STRICT_PROTOTYPES = YES;
				CLANG_WARN_SUSPICIOUS_MOVE = YES;
				CLANG_WARN_UNGUARDED_AVAILABILITY = YES_AGGRESSIVE;
				CLANG_WARN_UNREACHABLE_CODE = YES;
				CLANG_WARN__DUPLICATE_METHOD_MATCH = YES;
				COPY_PHASE_STRIP = NO;
				DEBUG_INFORMATION_FORMAT = "dwarf-with-dsym";
				ENABLE_NS_ASSERTIONS = NO;
				ENABLE_STRICT_OBJC_MSGSEND = YES;
				GCC_C_LANGUAGE_STANDARD = gnu11;
				GCC_NO_COMMON_BLOCKS = YES;
				GCC_WARN_64_TO_32_BIT_CONVERSION = YES;
				GCC_WARN_ABOUT_RETURN_TYPE = YES_ERROR;
				GCC_WARN_UNDECLARED_SELECTOR = YES;
				GCC_WARN_UNINITIALIZED_AUTOS = YES_AGGRESSIVE;
				GCC_WARN_UNUSED_FUNCTION = YES;
				GCC_WARN_UNUSED_VARIABLE = YES;
				IPHONEOS_DEPLOYMENT_TARGET = 15.2;
				MTL_ENABLE_DEBUG_INFO = NO;
				MTL_FAST_MATH = YES;
				SDKROOT = iphoneos;
				SWIFT_COMPILATION_MODE = wholemodule;
				SWIFT_OPTIMIZATION_LEVEL = "-O";
				VALIDATE_PRODUCT = YES;
			};
			name = Release;
		};
		1C64836029E9D13000022685 /* Debug */ = {
			isa = XCBuildConfiguration;
			buildSettings = {
				ASSETCATALOG_COMPILER_APPICON_NAME = AppIcon;
				ASSETCATALOG_COMPILER_GLOBAL_ACCENT_COLOR_NAME = AccentColor;
				CODE_SIGN_STYLE = Automatic;
				CURRENT_PROJECT_VERSION = 1;
				DEVELOPMENT_TEAM = G3C3YH42TT;
				GENERATE_INFOPLIST_FILE = YES;
				INFOPLIST_FILE = XibPratice/Info.plist;
				INFOPLIST_KEY_UIApplicationSupportsIndirectInputEvents = YES;
				INFOPLIST_KEY_UILaunchStoryboardName = LaunchScreen;
				INFOPLIST_KEY_UIMainStoryboardFile = Main;
				INFOPLIST_KEY_UISupportedInterfaceOrientations_iPad = "UIInterfaceOrientationPortrait UIInterfaceOrientationPortraitUpsideDown UIInterfaceOrientationLandscapeLeft UIInterfaceOrientationLandscapeRight";
				INFOPLIST_KEY_UISupportedInterfaceOrientations_iPhone = "UIInterfaceOrientationPortrait UIInterfaceOrientationLandscapeLeft UIInterfaceOrientationLandscapeRight";
				IPHONEOS_DEPLOYMENT_TARGET = 15.2;
				LD_RUNPATH_SEARCH_PATHS = (
					"$(inherited)",
					"@executable_path/Frameworks",
				);
				MARKETING_VERSION = 1.0;
				PRODUCT_BUNDLE_IDENTIFIER = com.example.XibPratice;
				PRODUCT_NAME = "$(TARGET_NAME)";
				SWIFT_EMIT_LOC_STRINGS = YES;
				SWIFT_VERSION = 5.0;
				TARGETED_DEVICE_FAMILY = "1,2";
			};
			name = Debug;
		};
		1C64836129E9D13000022685 /* Release */ = {
			isa = XCBuildConfiguration;
			buildSettings = {
				ASSETCATALOG_COMPILER_APPICON_NAME = AppIcon;
				ASSETCATALOG_COMPILER_GLOBAL_ACCENT_COLOR_NAME = AccentColor;
				CODE_SIGN_STYLE = Automatic;
				CURRENT_PROJECT_VERSION = 1;
				DEVELOPMENT_TEAM = G3C3YH42TT;
				GENERATE_INFOPLIST_FILE = YES;
				INFOPLIST_FILE = XibPratice/Info.plist;
				INFOPLIST_KEY_UIApplicationSupportsIndirectInputEvents = YES;
				INFOPLIST_KEY_UILaunchStoryboardName = LaunchScreen;
				INFOPLIST_KEY_UIMainStoryboardFile = Main;
				INFOPLIST_KEY_UISupportedInterfaceOrientations_iPad = "UIInterfaceOrientationPortrait UIInterfaceOrientationPortraitUpsideDown UIInterfaceOrientationLandscapeLeft UIInterfaceOrientationLandscapeRight";
				INFOPLIST_KEY_UISupportedInterfaceOrientations_iPhone = "UIInterfaceOrientationPortrait UIInterfaceOrientationLandscapeLeft UIInterfaceOrientationLandscapeRight";
				IPHONEOS_DEPLOYMENT_TARGET = 15.2;
				LD_RUNPATH_SEARCH_PATHS = (
					"$(inherited)",
					"@executable_path/Frameworks",
				);
				MARKETING_VERSION = 1.0;
				PRODUCT_BUNDLE_IDENTIFIER = com.example.XibPratice;
				PRODUCT_NAME = "$(TARGET_NAME)";
				SWIFT_EMIT_LOC_STRINGS = YES;
				SWIFT_VERSION = 5.0;
				TARGETED_DEVICE_FAMILY = "1,2";
			};
			name = Release;
		};
		1C64836329E9D13000022685 /* Debug */ = {
			isa = XCBuildConfiguration;
			buildSettings = {
				ALWAYS_EMBED_SWIFT_STANDARD_LIBRARIES = YES;
				BUNDLE_LOADER = "$(TEST_HOST)";
				CODE_SIGN_STYLE = Automatic;
				CURRENT_PROJECT_VERSION = 1;
				GENERATE_INFOPLIST_FILE = YES;
				IPHONEOS_DEPLOYMENT_TARGET = 15.2;
				MARKETING_VERSION = 1.0;
				PRODUCT_BUNDLE_IDENTIFIER = com.example.XibPraticeTests;
				PRODUCT_NAME = "$(TARGET_NAME)";
				SWIFT_EMIT_LOC_STRINGS = NO;
				SWIFT_VERSION = 5.0;
				TARGETED_DEVICE_FAMILY = "1,2";
				TEST_HOST = "$(BUILT_PRODUCTS_DIR)/XibPratice.app/XibPratice";
			};
			name = Debug;
		};
		1C64836429E9D13000022685 /* Release */ = {
			isa = XCBuildConfiguration;
			buildSettings = {
				ALWAYS_EMBED_SWIFT_STANDARD_LIBRARIES = YES;
				BUNDLE_LOADER = "$(TEST_HOST)";
				CODE_SIGN_STYLE = Automatic;
				CURRENT_PROJECT_VERSION = 1;
				GENERATE_INFOPLIST_FILE = YES;
				IPHONEOS_DEPLOYMENT_TARGET = 15.2;
				MARKETING_VERSION = 1.0;
				PRODUCT_BUNDLE_IDENTIFIER = com.example.XibPraticeTests;
				PRODUCT_NAME = "$(TARGET_NAME)";
				SWIFT_EMIT_LOC_STRINGS = NO;
				SWIFT_VERSION = 5.0;
				TARGETED_DEVICE_FAMILY = "1,2";
				TEST_HOST = "$(BUILT_PRODUCTS_DIR)/XibPratice.app/XibPratice";
			};
			name = Release;
		};
		1C64836629E9D13000022685 /* Debug */ = {
			isa = XCBuildConfiguration;
			buildSettings = {
				ALWAYS_EMBED_SWIFT_STANDARD_LIBRARIES = YES;
				CODE_SIGN_STYLE = Automatic;
				CURRENT_PROJECT_VERSION = 1;
				GENERATE_INFOPLIST_FILE = YES;
				MARKETING_VERSION = 1.0;
				PRODUCT_BUNDLE_IDENTIFIER = com.example.XibPraticeUITests;
				PRODUCT_NAME = "$(TARGET_NAME)";
				SWIFT_EMIT_LOC_STRINGS = NO;
				SWIFT_VERSION = 5.0;
				TARGETED_DEVICE_FAMILY = "1,2";
				TEST_TARGET_NAME = XibPratice;
			};
			name = Debug;
		};
		1C64836729E9D13000022685 /* Release */ = {
			isa = XCBuildConfiguration;
			buildSettings = {
				ALWAYS_EMBED_SWIFT_STANDARD_LIBRARIES = YES;
				CODE_SIGN_STYLE = Automatic;
				CURRENT_PROJECT_VERSION = 1;
				GENERATE_INFOPLIST_FILE = YES;
				MARKETING_VERSION = 1.0;
				PRODUCT_BUNDLE_IDENTIFIER = com.example.XibPraticeUITests;
				PRODUCT_NAME = "$(TARGET_NAME)";
				SWIFT_EMIT_LOC_STRINGS = NO;
				SWIFT_VERSION = 5.0;
				TARGETED_DEVICE_FAMILY = "1,2";
				TEST_TARGET_NAME = XibPratice;
			};
			name = Release;
		};
/* End XCBuildConfiguration section */

/* Begin XCConfigurationList section */
		1C64833029E9D12C00022685 /* Build configuration list for PBXProject "XibPratice" */ = {
			isa = XCConfigurationList;
			buildConfigurations = (
				1C64835D29E9D13000022685 /* Debug */,
				1C64835E29E9D13000022685 /* Release */,
			);
			defaultConfigurationIsVisible = 0;
			defaultConfigurationName = Release;
		};
		1C64835F29E9D13000022685 /* Build configuration list for PBXNativeTarget "XibPratice" */ = {
			isa = XCConfigurationList;
			buildConfigurations = (
				1C64836029E9D13000022685 /* Debug */,
				1C64836129E9D13000022685 /* Release */,
			);
			defaultConfigurationIsVisible = 0;
			defaultConfigurationName = Release;
		};
		1C64836229E9D13000022685 /* Build configuration list for PBXNativeTarget "XibPraticeTests" */ = {
			isa = XCConfigurationList;
			buildConfigurations = (
				1C64836329E9D13000022685 /* Debug */,
				1C64836429E9D13000022685 /* Release */,
			);
			defaultConfigurationIsVisible = 0;
			defaultConfigurationName = Release;
		};
		1C64836529E9D13000022685 /* Build configuration list for PBXNativeTarget "XibPraticeUITests" */ = {
			isa = XCConfigurationList;
			buildConfigurations = (
				1C64836629E9D13000022685 /* Debug */,
				1C64836729E9D13000022685 /* Release */,
			);
			defaultConfigurationIsVisible = 0;
			defaultConfigurationName = Release;
		};
/* End XCConfigurationList section */
	};
	rootObject = 1C64832D29E9D12C00022685 /* Project object */;
}
